
Microsoft Visual Studio Solution File, Format Version 12.00
# Visual Studio Version 17
VisualStudioVersion = 17.5.33627.172
MinimumVisualStudioVersion = 10.0.40219.1
Project("{9A19103F-16F7-4668-BE54-9A1E7A4F7556}") = "TraversalCoreProje", "TraversalCoreProje\TraversalCoreProje.csproj", "{240318AF-887F-40EB-A177-F7C18B1E27D9}"
EndProject
Project("{9A19103F-16F7-4668-BE54-9A1E7A4F7556}") = "EntityLayer", "EntityLayer\EntityLayer.csproj", "{78929EF0-D0FD-410D-AAB5-3328400A0BFD}"
EndProject
Project("{9A19103F-16F7-4668-BE54-9A1E7A4F7556}") = "DataAccessLayer", "DataAccessLayer\DataAccessLayer.csproj", "{E11CCAC3-F7A3-4C8E-8493-5C205936190E}"
EndProject
Project("{9A19103F-16F7-4668-BE54-9A1E7A4F7556}") = "BusinessLayer", "BusinessLayer\BusinessLayer.csproj", "{D18BA4A0-180D-40B6-B28D-24D1E54ABBB6}"
EndProject
Project("{FAE04EC0-301F-11D3-BF4B-00C04F79EFBC}") = "DTOLayer", "DTOLayer\DTOLayer.csproj", "{DBD5A09A-1FA4-48F3-AE92-CE81D5B0BA6D}"
EndProject
Global
	GlobalSection(SolutionConfigurationPlatforms) = preSolution
		Debug|Any CPU = Debug|Any CPU
		Release|Any CPU = Release|Any CPU
	EndGlobalSection
	GlobalSection(ProjectConfigurationPlatforms) = postSolution
		{240318AF-887F-40EB-A177-F7C18B1E27D9}.Debug|Any CPU.ActiveCfg = Debug|Any CPU
		{240318AF-887F-40EB-A177-F7C18B1E27D9}.Debug|Any CPU.Build.0 = Debug|Any CPU
		{240318AF-887F-40EB-A177-F7C18B1E27D9}.Release|Any CPU.ActiveCfg = Release|Any CPU
		{240318AF-887F-40EB-A177-F7C18B1E27D9}.Release|Any CPU.Build.0 = Release|Any CPU
		{78929EF0-D0FD-410D-AAB5-3328400A0BFD}.Debug|Any CPU.ActiveCfg = Debug|Any CPU
		{78929EF0-D0FD-410D-AAB5-3328400A0BFD}.Debug|Any CPU.Build.0 = Debug|Any CPU
		{78929EF0-D0FD-410D-AAB5-3328400A0BFD}.Release|Any CPU.ActiveCfg = Release|Any CPU
		{78929EF0-D0FD-410D-AAB5-3328400A0BFD}.Release|Any CPU.Build.0 = Release|Any CPU
		{E11CCAC3-F7A3-4C8E-8493-5C205936190E}.Debug|Any CPU.ActiveCfg = Debug|Any CPU
		{E11CCAC3-F7A3-4C8E-8493-5C205936190E}.Debug|Any CPU.Build.0 = Debug|Any CPU
		{E11CCAC3-F7A3-4C8E-8493-5C205936190E}.Release|Any CPU.ActiveCfg = Release|Any CPU
		{E11CCAC3-F7A3-4C8E-8493-5C205936190E}.Release|Any CPU.Build.0 = Release|Any CPU
		{D18BA4A0-180D-40B6-B28D-24D1E54ABBB6}.Debug|Any CPU.ActiveCfg = Debug|Any CPU
		{D18BA4A0-180D-40B6-B28D-24D1E54ABBB6}.Debug|Any CPU.Build.0 = Debug|Any CPU
		{D18BA4A0-180D-40B6-B28D-24D1E54ABBB6}.Release|Any CPU.ActiveCfg = Release|Any CPU
		{D18BA4A0-180D-40B6-B28D-24D1E54ABBB6}.Release|Any CPU.Build.0 = Release|Any CPU
		{DBD5A09A-1FA4-48F3-AE92-CE81D5B0BA6D}.Debug|Any CPU.ActiveCfg = Debug|Any CPU
		{DBD5A09A-1FA4-48F3-AE92-CE81D5B0BA6D}.Debug|Any CPU.Build.0 = Debug|Any CPU
		{DBD5A09A-1FA4-48F3-AE92-CE81D5B0BA6D}.Release|Any CPU.ActiveCfg = Release|Any CPU
		{DBD5A09A-1FA4-48F3-AE92-CE81D5B0BA6D}.Release|Any CPU.Build.0 = Release|Any CPU
	EndGlobalSection
	GlobalSection(SolutionProperties) = preSolution
		HideSolutionNode = FALSE
	EndGlobalSection
	GlobalSection(ExtensibilityGlobals) = postSolution
		SolutionGuid = {6BEC66A0-2AE4-45B9-8E81-553116F7593C}
	EndGlobalSection
EndGlobal
